
Microsoft Visual Studio Solution File, Format Version 12.00
# Visual Studio Version 17
VisualStudioVersion = 17.13.35919.96 d17.13
MinimumVisualStudioVersion = 10.0.40219.1
Project("{FAE04EC0-301F-11D3-BF4B-00C04F79EFBC}") = "Jobbara", "Jobbara.csproj", "{1D2DC9AC-27D0-4A29-9CA6-9D86CC79ED5B}"
EndProject
Global
	GlobalSection(SolutionConfigurationPlatforms) = preSolution
		Debug|Any CPU = Debug|Any CPU
		Release|Any CPU = Release|Any CPU
	EndGlobalSection
	GlobalSection(ProjectConfigurationPlatforms) = postSolution
		{1D2DC9AC-27D0-4A29-9CA6-9D86CC79ED5B}.Debug|Any CPU.ActiveCfg = Debug|Any CPU
		{1D2DC9AC-27D0-4A29-9CA6-9D86CC79ED5B}.Debug|Any CPU.Build.0 = Debug|Any CPU
		{1D2DC9AC-27D0-4A29-9CA6-9D86CC79ED5B}.Debug|Any CPU.Deploy.0 = Debug|Any CPU
		{1D2DC9AC-27D0-4A29-9CA6-9D86CC79ED5B}.Release|Any CPU.ActiveCfg = Release|Any CPU
		{1D2DC9AC-27D0-4A29-9CA6-9D86CC79ED5B}.Release|Any CPU.Build.0 = Release|Any CPU
		{1D2DC9AC-27D0-4A29-9CA6-9D86CC79ED5B}.Release|Any CPU.Deploy.0 = Release|Any CPU
	EndGlobalSection
	GlobalSection(SolutionProperties) = preSolution
		HideSolutionNode = FALSE
	EndGlobalSection
	GlobalSection(ExtensibilityGlobals) = postSolution
		SolutionGuid = {6D08B2B3-E2A0-49DB-BEF5-04F38780FDA4}
	EndGlobalSection
EndGlobal
